
Microsoft Visual Studio Solution File, Format Version 12.00
# Visual Studio Version 17
VisualStudioVersion = 17.10.34916.146
MinimumVisualStudioVersion = 10.0.40219.1
Project("{FAE04EC0-301F-11D3-BF4B-00C04F79EFBC}") = "MyPortfolio", "MyPortfolio\MyPortfolio.csproj", "{A3AA1785-5635-4690-B4BA-2D9825DC1045}"
EndProject
Global
	GlobalSection(SolutionConfigurationPlatforms) = preSolution
		Debug|Any CPU = Debug|Any CPU
		Release|Any CPU = Release|Any CPU
	EndGlobalSection
	GlobalSection(ProjectConfigurationPlatforms) = postSolution
		{A3AA1785-5635-4690-B4BA-2D9825DC1045}.Debug|Any CPU.ActiveCfg = Debug|Any CPU
		{A3AA1785-5635-4690-B4BA-2D9825DC1045}.Debug|Any CPU.Build.0 = Debug|Any CPU
		{A3AA1785-5635-4690-B4BA-2D9825DC1045}.Release|Any CPU.ActiveCfg = Release|Any CPU
		{A3AA1785-5635-4690-B4BA-2D9825DC1045}.Release|Any CPU.Build.0 = Release|Any CPU
	EndGlobalSection
	GlobalSection(SolutionProperties) = preSolution
		HideSolutionNode = FALSE
	EndGlobalSection
	GlobalSection(ExtensibilityGlobals) = postSolution
		SolutionGuid = {2E8DC622-4D77-4C56-B9B0-E58F6BD57493}
	EndGlobalSection
EndGlobal
